
Microsoft Visual Studio Solution File, Format Version 12.00
# Visual Studio Version 17
VisualStudioVersion = 17.3.32811.315
MinimumVisualStudioVersion = 10.0.40219.1
Project("{9A19103F-16F7-4668-BE54-9A1E7A4F7556}") = "CarReservation.NET6", "CarReservation.NET6\CarReservation.NET6.csproj", "{F9B08463-4CF8-48DB-A681-D985C7ADA5CB}"
EndProject
Project("{FAE04EC0-301F-11D3-BF4B-00C04F79EFBC}") = "CarReservationsTest", "CarReservationsTest\CarReservationsTest.csproj", "{EEC869A1-066C-4394-AEE8-396E0DFE901E}"
EndProject
Global
	GlobalSection(SolutionConfigurationPlatforms) = preSolution
		Debug|Any CPU = Debug|Any CPU
		Release|Any CPU = Release|Any CPU
	EndGlobalSection
	GlobalSection(ProjectConfigurationPlatforms) = postSolution
		{F9B08463-4CF8-48DB-A681-D985C7ADA5CB}.Debug|Any CPU.ActiveCfg = Debug|Any CPU
		{F9B08463-4CF8-48DB-A681-D985C7ADA5CB}.Debug|Any CPU.Build.0 = Debug|Any CPU
		{F9B08463-4CF8-48DB-A681-D985C7ADA5CB}.Release|Any CPU.ActiveCfg = Release|Any CPU
		{F9B08463-4CF8-48DB-A681-D985C7ADA5CB}.Release|Any CPU.Build.0 = Release|Any CPU
		{EEC869A1-066C-4394-AEE8-396E0DFE901E}.Debug|Any CPU.ActiveCfg = Debug|Any CPU
		{EEC869A1-066C-4394-AEE8-396E0DFE901E}.Debug|Any CPU.Build.0 = Debug|Any CPU
		{EEC869A1-066C-4394-AEE8-396E0DFE901E}.Release|Any CPU.ActiveCfg = Release|Any CPU
		{EEC869A1-066C-4394-AEE8-396E0DFE901E}.Release|Any CPU.Build.0 = Release|Any CPU
	EndGlobalSection
	GlobalSection(SolutionProperties) = preSolution
		HideSolutionNode = FALSE
	EndGlobalSection
	GlobalSection(ExtensibilityGlobals) = postSolution
		SolutionGuid = {47785CEC-0017-4A3B-A132-F77E36F9F793}
	EndGlobalSection
EndGlobal
